// !$*UTF8*$!
{
	archiveVersion = 1;
	classes = {
	};
	objectVersion = 50;
	objects = {

/* Begin PBXBuildFile section */
		38C5A20F2558EE8700884253 /* AppDelegate.swift in Sources */ = {isa = PBXBuildFile; fileRef = 38C5A20E2558EE8700884253 /* AppDelegate.swift */; };
		38C5A2112558EE8700884253 /* SceneDelegate.swift in Sources */ = {isa = PBXBuildFile; fileRef = 38C5A2102558EE8700884253 /* SceneDelegate.swift */; };
		38C5A2132558EE8700884253 /* ViewController.swift in Sources */ = {isa = PBXBuildFile; fileRef = 38C5A2122558EE8700884253 /* ViewController.swift */; };
		38C5A2162558EE8700884253 /* Main.storyboard in Resources */ = {isa = PBXBuildFile; fileRef = 38C5A2142558EE8700884253 /* Main.storyboard */; };
		38C5A2192558EE8700884253 /* GuardarImagenesBD.xcdatamodeld in Sources */ = {isa = PBXBuildFile; fileRef = 38C5A2172558EE8700884253 /* GuardarImagenesBD.xcdatamodeld */; };
		38C5A21B2558EE9400884253 /* Assets.xcassets in Resources */ = {isa = PBXBuildFile; fileRef = 38C5A21A2558EE9400884253 /* Assets.xcassets */; };
		38C5A21E2558EE9400884253 /* LaunchScreen.storyboard in Resources */ = {isa = PBXBuildFile; fileRef = 38C5A21C2558EE9400884253 /* LaunchScreen.storyboard */; };
		38C5A2262558F2E100884253 /* DBManager.swift in Sources */ = {isa = PBXBuildFile; fileRef = 38C5A2252558F2E100884253 /* DBManager.swift */; };
/* End PBXBuildFile section */

/* Begin PBXFileReference section */
		38C5A20B2558EE8700884253 /* GuardarImagenesBD.app */ = {isa = PBXFileReference; explicitFileType = wrapper.application; includeInIndex = 0; path = GuardarImagenesBD.app; sourceTree = BUILT_PRODUCTS_DIR; };
		38C5A20E2558EE8700884253 /* AppDelegate.swift */ = {isa = PBXFileReference; lastKnownFileType = sourcecode.swift; path = AppDelegate.swift; sourceTree = "<group>"; };
		38C5A2102558EE8700884253 /* SceneDelegate.swift */ = {isa = PBXFileReference; lastKnownFileType = sourcecode.swift; path = SceneDelegate.swift; sourceTree = "<group>"; };
		38C5A2122558EE8700884253 /* ViewController.swift */ = {isa = PBXFileReference; lastKnownFileType = sourcecode.swift; path = ViewController.swift; sourceTree = "<group>"; };
		38C5A2152558EE8700884253 /* Base */ = {isa = PBXFileReference; lastKnownFileType = file.storyboard; name = Base; path = Base.lproj/Main.storyboard; sourceTree = "<group>"; };
		38C5A2182558EE8700884253 /* GuardarImagenesBD.xcdatamodel */ = {isa = PBXFileReference; lastKnownFileType = wrapper.xcdatamodel; path = GuardarImagenesBD.xcdatamodel; sourceTree = "<group>"; };
		38C5A21A2558EE9400884253 /* Assets.xcassets */ = {isa = PBXFileReference; lastKnownFileType = folder.assetcatalog; path = Assets.xcassets; sourceTree = "<group>"; };
		38C5A21D2558EE9400884253 /* Base */ = {isa = PBXFileReference; lastKnownFileType = file.storyboard; name = Base; path = Base.lproj/LaunchScreen.storyboard; sourceTree = "<group>"; };
		38C5A21F2558EE9400884253 /* Info.plist */ = {isa = PBXFileReference; lastKnownFileType = text.plist.xml; path = Info.plist; sourceTree = "<group>"; };
		38C5A2252558F2E100884253 /* DBManager.swift */ = {isa = PBXFileReference; lastKnownFileType = sourcecode.swift; path = DBManager.swift; sourceTree = "<group>"; };
/* End PBXFileReference section */

/* Begin PBXFrameworksBuildPhase section */
		38C5A2082558EE8700884253 /* Frameworks */ = {
			isa = PBXFrameworksBuildPhase;
			buildActionMask = 2147483647;
			files = (
			);
			runOnlyForDeploymentPostprocessing = 0;
		};
/* End PBXFrameworksBuildPhase section */

/* Begin PBXGroup section */
		38C5A2022558EE8700884253 = {
			isa = PBXGroup;
			children = (
				38C5A20D2558EE8700884253 /* GuardarImagenesBD */,
				38C5A20C2558EE8700884253 /* Products */,
			);
			sourceTree = "<group>";
		};
		38C5A20C2558EE8700884253 /* Products */ = {
			isa = PBXGroup;
			children = (
				38C5A20B2558EE8700884253 /* GuardarImagenesBD.app */,
			);
			name = Products;
			sourceTree = "<group>";
		};
		38C5A20D2558EE8700884253 /* GuardarImagenesBD */ = {
			isa = PBXGroup;
			children = (
				38C5A20E2558EE8700884253 /* AppDelegate.swift */,
				38C5A2102558EE8700884253 /* SceneDelegate.swift */,
				38C5A2122558EE8700884253 /* ViewController.swift */,
				38C5A2142558EE8700884253 /* Main.storyboard */,
				38C5A21A2558EE9400884253 /* Assets.xcassets */,
				38C5A21C2558EE9400884253 /* LaunchScreen.storyboard */,
				38C5A21F2558EE9400884253 /* Info.plist */,
				38C5A2172558EE8700884253 /* GuardarImagenesBD.xcdatamodeld */,
				38C5A2252558F2E100884253 /* DBManager.swift */,
			);
			path = GuardarImagenesBD;
			sourceTree = "<group>";
		};
/* End PBXGroup section */

/* Begin PBXNativeTarget section */
		38C5A20A2558EE8700884253 /* GuardarImagenesBD */ = {
			isa = PBXNativeTarget;
			buildConfigurationList = 38C5A2222558EE9400884253 /* Build configuration list for PBXNativeTarget "GuardarImagenesBD" */;
			buildPhases = (
				38C5A2072558EE8700884253 /* Sources */,
				38C5A2082558EE8700884253 /* Frameworks */,
				38C5A2092558EE8700884253 /* Resources */,
			);
			buildRules = (
			);
			dependencies = (
			);
			name = GuardarImagenesBD;
			productName = GuardarImagenesBD;
			productReference = 38C5A20B2558EE8700884253 /* GuardarImagenesBD.app */;
			productType = "com.apple.product-type.application";
		};
/* End PBXNativeTarget section */

/* Begin PBXProject section */
		38C5A2032558EE8700884253 /* Project object */ = {
			isa = PBXProject;
			attributes = {
				LastSwiftUpdateCheck = 1120;
				LastUpgradeCheck = 1120;
				ORGANIZATIONNAME = oscar;
				TargetAttributes = {
					38C5A20A2558EE8700884253 = {
						CreatedOnToolsVersion = 11.2.1;
					};
				};
			};
			buildConfigurationList = 38C5A2062558EE8700884253 /* Build configuration list for PBXProject "GuardarImagenesBD" */;
			compatibilityVersion = "Xcode 9.3";
			developmentRegion = en;
			hasScannedForEncodings = 0;
			knownRegions = (
				en,
				Base,
			);
			mainGroup = 38C5A2022558EE8700884253;
			productRefGroup = 38C5A20C2558EE8700884253 /* Products */;
			projectDirPath = "";
			projectRoot = "";
			targets = (
				38C5A20A2558EE8700884253 /* GuardarImagenesBD */,
			);
		};
/* End PBXProject section */

/* Begin PBXResourcesBuildPhase section */
		38C5A2092558EE8700884253 /* Resources */ = {
			isa = PBXResourcesBuildPhase;
			buildActionMask = 2147483647;
			files = (
				38C5A21E2558EE9400884253 /* LaunchScreen.storyboard in Resources */,
				38C5A21B2558EE9400884253 /* Assets.xcassets in Resources */,
				38C5A2162558EE8700884253 /* Main.storyboard in Resources */,
			);
			runOnlyForDeploymentPostprocessing = 0;
		};
/* End PBXResourcesBuildPhase section */

/* Begin PBXSourcesBuildPhase section */
		38C5A2072558EE8700884253 /* Sources */ = {
			isa = PBXSourcesBuildPhase;
			buildActionMask = 2147483647;
			files = (
				38C5A2262558F2E100884253 /* DBManager.swift in Sources */,
				38C5A2132558EE8700884253 /* ViewController.swift in Sources */,
				38C5A20F2558EE8700884253 /* AppDelegate.swift in Sources */,
				38C5A2112558EE8700884253 /* SceneDelegate.swift in Sources */,
				38C5A2192558EE8700884253 /* GuardarImagenesBD.xcdatamodeld in Sources */,
			);
			runOnlyForDeploymentPostprocessing = 0;
		};
/* End PBXSourcesBuildPhase section */

/* Begin PBXVariantGroup section */
		38C5A2142558EE8700884253 /* Main.storyboard */ = {
			isa = PBXVariantGroup;
			children = (
				38C5A2152558EE8700884253 /* Base */,
			);
			name = Main.storyboard;
			sourceTree = "<group>";
		};
		38C5A21C2558EE9400884253 /* LaunchScreen.storyboard */ = {
			isa = PBXVariantGroup;
			children = (
				38C5A21D2558EE9400884253 /* Base */,
			);
			name = LaunchScreen.storyboard;
			sourceTree = "<group>";
		};
/* End PBXVariantGroup section */

/* Begin XCBuildConfiguration section */
		38C5A2202558EE9400884253 /* Debug */ = {
			isa = XCBuildConfiguration;
			buildSettings = {
				ALWAYS_SEARCH_USER_PATHS = NO;
				CLANG_ANALYZER_NONNULL = YES;
				CLANG_ANALYZER_NUMBER_OBJECT_CONVERSION = YES_AGGRESSIVE;
				CLANG_CXX_LANGUAGE_STANDARD = "gnu++14";
				CLANG_CXX_LIBRARY = "libc++";
				CLANG_ENABLE_MODULES = YES;
				CLANG_ENABLE_OBJC_ARC = YES;
				CLANG_ENABLE_OBJC_WEAK = YES;
				CLANG_WARN_BLOCK_CAPTURE_AUTORELEASING = YES;
				CLANG_WARN_BOOL_CONVERSION = YES;
				CLANG_WARN_COMMA = YES;
				CLANG_WARN_CONSTANT_CONVERSION = YES;
				CLANG_WARN_DEPRECATED_OBJC_IMPLEMENTATIONS = YES;
				CLANG_WARN_DIRECT_OBJC_ISA_USAGE = YES_ERROR;
				CLANG_WARN_DOCUMENTATION_COMMENTS = YES;
				CLANG_WARN_EMPTY_BODY = YES;
				CLANG_WARN_ENUM_CONVERSION = YES;
				CLANG_WARN_INFINITE_RECURSION = YES;
				CLANG_WARN_INT_CONVERSION = YES;
				CLANG_WARN_NON_LITERAL_NULL_CONVERSION = YES;
				CLANG_WARN_OBJC_IMPLICIT_RETAIN_SELF = YES;
				CLANG_WARN_OBJC_LITERAL_CONVERSION = YES;
				CLANG_WARN_OBJC_ROOT_CLASS = YES_ERROR;
				CLANG_WARN_RANGE_LOOP_ANALYSIS = YES;
				CLANG_WARN_STRICT_PROTOTYPES = YES;
				CLANG_WARN_SUSPICIOUS_MOVE = YES;
				CLANG_WARN_UNGUARDED_AVAILABILITY = YES_AGGRESSIVE;
				CLANG_WARN_UNREACHABLE_CODE = YES;
				CLANG_WARN__DUPLICATE_METHOD_MATCH = YES;
				COPY_PHASE_STRIP = NO;
				DEBUG_INFORMATION_FORMAT = dwarf;
				ENABLE_STRICT_OBJC_MSGSEND = YES;
				ENABLE_TESTABILITY = YES;
				GCC_C_LANGUAGE_STANDARD = gnu11;
				GCC_DYNAMIC_NO_PIC = NO;
				GCC_NO_COMMON_BLOCKS = YES;
				GCC_OPTIMIZATION_LEVEL = 0;
				GCC_PREPROCESSOR_DEFINITIONS = (
					"DEBUG=1",
					"$(inherited)",
				);
				GCC_WARN_64_TO_32_BIT_CONVERSION = YES;
				GCC_WARN_ABOUT_RETURN_TYPE = YES_ERROR;
				GCC_WARN_UNDECLARED_SELECTOR = YES;
				GCC_WARN_UNINITIALIZED_AUTOS = YES_AGGRESSIVE;
				GCC_WARN_UNUSED_FUNCTION = YES;
				GCC_WARN_UNUSED_VARIABLE = YES;
				IPHONEOS_DEPLOYMENT_TARGET = 13.2;
				MTL_ENABLE_DEBUG_INFO = INCLUDE_SOURCE;
				MTL_FAST_MATH = YES;
				ONLY_ACTIVE_ARCH = YES;
				SDKROOT = iphoneos;
				SWIFT_ACTIVE_COMPILATION_CONDITIONS = DEBUG;
				SWIFT_OPTIMIZATION_LEVEL = "-Onone";
			};
			name = Debug;
		};
		38C5A2212558EE9400884253 /* Release */ = {
			isa = XCBuildConfiguration;
			buildSettings = {
				ALWAYS_SEARCH_USER_PATHS = NO;
				CLANG_ANALYZER_NONNULL = YES;
				CLANG_ANALYZER_NUMBER_OBJECT_CONVERSION = YES_AGGRESSIVE;
				CLANG_CXX_LANGUAGE_STANDARD = "gnu++14";
				CLANG_CXX_LIBRARY = "libc++";
				CLANG_ENABLE_MODULES = YES;
				CLANG_ENABLE_OBJC_ARC = YES;
				CLANG_ENABLE_OBJC_WEAK = YES;
				CLANG_WARN_BLOCK_CAPTURE_AUTORELEASING = YES;
				CLANG_WARN_BOOL_CONVERSION = YES;
				CLANG_WARN_COMMA = YES;
				CLANG_WARN_CONSTANT_CONVERSION = YES;
				CLANG_WARN_DEPRECATED_OBJC_IMPLEMENTATIONS = YES;
				CLANG_WARN_DIRECT_OBJC_ISA_USAGE = YES_ERROR;
				CLANG_WARN_DOCUMENTATION_COMMENTS = YES;
				CLANG_WARN_EMPTY_BODY = YES;
				CLANG_WARN_ENUM_CONVERSION = YES;
				CLANG_WARN_INFINITE_RECURSION = YES;
				CLANG_WARN_INT_CONVERSION = YES;
				CLANG_WARN_NON_LITERAL_NULL_CONVERSION = YES;
				CLANG_WARN_OBJC_IMPLICIT_RETAIN_SELF = YES;
				CLANG_WARN_OBJC_LITERAL_CONVERSION = YES;
				CLANG_WARN_OBJC_ROOT_CLASS = YES_ERROR;
				CLANG_WARN_RANGE_LOOP_ANALYSIS = YES;
				CLANG_WARN_STRICT_PROTOTYPES = YES;
				CLANG_WARN_SUSPICIOUS_MOVE = YES;
				CLANG_WARN_UNGUARDED_AVAILABILITY = YES_AGGRESSIVE;
				CLANG_WARN_UNREACHABLE_CODE = YES;
				CLANG_WARN__DUPLICATE_METHOD_MATCH = YES;
				COPY_PHASE_STRIP = NO;
				DEBUG_INFORMATION_FORMAT = "dwarf-with-dsym";
				ENABLE_NS_ASSERTIONS = NO;
				ENABLE_STRICT_OBJC_MSGSEND = YES;
				GCC_C_LANGUAGE_STANDARD = gnu11;
				GCC_NO_COMMON_BLOCKS = YES;
				GCC_WARN_64_TO_32_BIT_CONVERSION = YES;
				GCC_WARN_ABOUT_RETURN_TYPE = YES_ERROR;
				GCC_WARN_UNDECLARED_SELECTOR = YES;
				GCC_WARN_UNINITIALIZED_AUTOS = YES_AGGRESSIVE;
				GCC_WARN_UNUSED_FUNCTION = YES;
				GCC_WARN_UNUSED_VARIABLE = YES;
				IPHONEOS_DEPLOYMENT_TARGET = 13.2;
				MTL_ENABLE_DEBUG_INFO = NO;
				MTL_FAST_MATH = YES;
				SDKROOT = iphoneos;
				SWIFT_COMPILATION_MODE = wholemodule;
				SWIFT_OPTIMIZATION_LEVEL = "-O";
				VALIDATE_PRODUCT = YES;
			};
			name = Release;
		};
		38C5A2232558EE9400884253 /* Debug */ = {
			isa = XCBuildConfiguration;
			buildSettings = {
				ASSETCATALOG_COMPILER_APPICON_NAME = AppIcon;
				CODE_SIGN_STYLE = Automatic;
				INFOPLIST_FILE = GuardarImagenesBD/Info.plist;
				LD_RUNPATH_SEARCH_PATHS = (
					"$(inherited)",
					"@executable_path/Frameworks",
				);
				PRODUCT_BUNDLE_IDENTIFIER = com.oscar.GuardarImagenesBD;
				PRODUCT_NAME = "$(TARGET_NAME)";
				SWIFT_VERSION = 5.0;
				TARGETED_DEVICE_FAMILY = "1,2";
			};
			name = Debug;
		};
		38C5A2242558EE9400884253 /* Release */ = {
			isa = XCBuildConfiguration;
			buildSettings = {
				ASSETCATALOG_COMPILER_APPICON_NAME = AppIcon;
				CODE_SIGN_STYLE = Automatic;
				INFOPLIST_FILE = GuardarImagenesBD/Info.plist;
				LD_RUNPATH_SEARCH_PATHS = (
					"$(inherited)",
					"@executable_path/Frameworks",
				);
				PRODUCT_BUNDLE_IDENTIFIER = com.oscar.GuardarImagenesBD;
				PRODUCT_NAME = "$(TARGET_NAME)";
				SWIFT_VERSION = 5.0;
				TARGETED_DEVICE_FAMILY = "1,2";
			};
			name = Release;
		};
/* End XCBuildConfiguration section */

/* Begin XCConfigurationList section */
		38C5A2062558EE8700884253 /* Build configuration list for PBXProject "GuardarImagenesBD" */ = {
			isa = XCConfigurationList;
			buildConfigurations = (
				38C5A2202558EE9400884253 /* Debug */,
				38C5A2212558EE9400884253 /* Release */,
			);
			defaultConfigurationIsVisible = 0;
			defaultConfigurationName = Release;
		};
		38C5A2222558EE9400884253 /* Build configuration list for PBXNativeTarget "GuardarImagenesBD" */ = {
			isa = XCConfigurationList;
			buildConfigurations = (
				38C5A2232558EE9400884253 /* Debug */,
				38C5A2242558EE9400884253 /* Release */,
			);
			defaultConfigurationIsVisible = 0;
			defaultConfigurationName = Release;
		};
/* End XCConfigurationList section */

/* Begin XCVersionGroup section */
		38C5A2172558EE8700884253 /* GuardarImagenesBD.xcdatamodeld */ = {
			isa = XCVersionGroup;
			children = (
				38C5A2182558EE8700884253 /* GuardarImagenesBD.xcdatamodel */,
			);
			currentVersion = 38C5A2182558EE8700884253 /* GuardarImagenesBD.xcdatamodel */;
			path = GuardarImagenesBD.xcdatamodeld;
			sourceTree = "<group>";
			versionGroupType = wrapper.xcdatamodel;
		};
/* End XCVersionGroup section */
	};
	rootObject = 38C5A2032558EE8700884253 /* Project object */;
}
